
Microsoft Visual Studio Solution File, Format Version 12.00
# Visual Studio Version 16
VisualStudioVersion = 16.0.30413.136
MinimumVisualStudioVersion = 15.0.26124.0
Project("{9A19103F-16F7-4668-BE54-9A1E7A4F7556}") = "ImeSharp", "ImeSharp\ImeSharp.csproj", "{90542336-E164-4A9B-AE77-2820ABB4A342}"
EndProject
Project("{9A19103F-16F7-4668-BE54-9A1E7A4F7556}") = "ImeSharp.Demo", "ImeSharp.Demo\ImeSharp.Demo.csproj", "{664CE2A0-81D3-418B-B86D-642727AF7174}"
EndProject
Global
	GlobalSection(SolutionConfigurationPlatforms) = preSolution
		Debug|Any CPU = Debug|Any CPU
		Debug|x64 = Debug|x64
		Debug|x86 = Debug|x86
		Release|Any CPU = Release|Any CPU
		Release|x64 = Release|x64
		Release|x86 = Release|x86
	EndGlobalSection
	GlobalSection(ProjectConfigurationPlatforms) = postSolution
		{90542336-E164-4A9B-AE77-2820ABB4A342}.Debug|Any CPU.ActiveCfg = Debug|Any CPU
		{90542336-E164-4A9B-AE77-2820ABB4A342}.Debug|Any CPU.Build.0 = Debug|Any CPU
		{90542336-E164-4A9B-AE77-2820ABB4A342}.Debug|x64.ActiveCfg = Debug|Any CPU
		{90542336-E164-4A9B-AE77-2820ABB4A342}.Debug|x64.Build.0 = Debug|Any CPU
		{90542336-E164-4A9B-AE77-2820ABB4A342}.Debug|x86.ActiveCfg = Debug|Any CPU
		{90542336-E164-4A9B-AE77-2820ABB4A342}.Debug|x86.Build.0 = Debug|Any CPU
		{90542336-E164-4A9B-AE77-2820ABB4A342}.Release|Any CPU.ActiveCfg = Release|Any CPU
		{90542336-E164-4A9B-AE77-2820ABB4A342}.Release|Any CPU.Build.0 = Release|Any CPU
		{90542336-E164-4A9B-AE77-2820ABB4A342}.Release|x64.ActiveCfg = Release|Any CPU
		{90542336-E164-4A9B-AE77-2820ABB4A342}.Release|x64.Build.0 = Release|Any CPU
		{90542336-E164-4A9B-AE77-2820ABB4A342}.Release|x86.ActiveCfg = Release|Any CPU
		{90542336-E164-4A9B-AE77-2820ABB4A342}.Release|x86.Build.0 = Release|Any CPU
		{664CE2A0-81D3-418B-B86D-642727AF7174}.Debug|Any CPU.ActiveCfg = Debug|Any CPU
		{664CE2A0-81D3-418B-B86D-642727AF7174}.Debug|Any CPU.Build.0 = Debug|Any CPU
		{664CE2A0-81D3-418B-B86D-642727AF7174}.Debug|x64.ActiveCfg = Debug|Any CPU
		{664CE2A0-81D3-418B-B86D-642727AF7174}.Debug|x64.Build.0 = Debug|Any CPU
		{664CE2A0-81D3-418B-B86D-642727AF7174}.Debug|x86.ActiveCfg = Debug|Any CPU
		{664CE2A0-81D3-418B-B86D-642727AF7174}.Debug|x86.Build.0 = Debug|Any CPU
		{664CE2A0-81D3-418B-B86D-642727AF7174}.Release|Any CPU.ActiveCfg = Release|Any CPU
		{664CE2A0-81D3-418B-B86D-642727AF7174}.Release|Any CPU.Build.0 = Release|Any CPU
		{664CE2A0-81D3-418B-B86D-642727AF7174}.Release|x64.ActiveCfg = Release|Any CPU
		{664CE2A0-81D3-418B-B86D-642727AF7174}.Release|x64.Build.0 = Release|Any CPU
		{664CE2A0-81D3-418B-B86D-642727AF7174}.Release|x86.ActiveCfg = Release|Any CPU
		{664CE2A0-81D3-418B-B86D-642727AF7174}.Release|x86.Build.0 = Release|Any CPU
	EndGlobalSection
	GlobalSection(SolutionProperties) = preSolution
		HideSolutionNode = FALSE
	EndGlobalSection
	GlobalSection(ExtensibilityGlobals) = postSolution
		SolutionGuid = {1D8A758D-856B-422C-857E-863E77915742}
	EndGlobalSection
EndGlobal
