
Microsoft Visual Studio Solution File, Format Version 12.00
# Visual Studio Version 16
VisualStudioVersion = 16.0.30413.136
MinimumVisualStudioVersion = 15.0.26124.0
Project("{9A19103F-16F7-4668-BE54-9A1E7A4F7556}") = "ImeSharp.NetStandard", "ImeSharp\ImeSharp.NetStandard.csproj", "{2F6B9CD0-C712-4247-8095-1B75F9AE275C}"
EndProject
Project("{9A19103F-16F7-4668-BE54-9A1E7A4F7556}") = "ImeSharp.NetStandard.Demo", "ImeSharp.Demo\ImeSharp.NetStandard.Demo.csproj", "{48517621-AD84-418F-A4B6-4FC749CBA7E5}"
EndProject
Global
	GlobalSection(SolutionConfigurationPlatforms) = preSolution
		Debug|Any CPU = Debug|Any CPU
		Debug|x64 = Debug|x64
		Debug|x86 = Debug|x86
		Release|Any CPU = Release|Any CPU
		Release|x64 = Release|x64
		Release|x86 = Release|x86
	EndGlobalSection
	GlobalSection(ProjectConfigurationPlatforms) = postSolution
		{2F6B9CD0-C712-4247-8095-1B75F9AE275C}.Debug|Any CPU.ActiveCfg = Debug|Any CPU
		{2F6B9CD0-C712-4247-8095-1B75F9AE275C}.Debug|Any CPU.Build.0 = Debug|Any CPU
		{2F6B9CD0-C712-4247-8095-1B75F9AE275C}.Debug|x64.ActiveCfg = Debug|Any CPU
		{2F6B9CD0-C712-4247-8095-1B75F9AE275C}.Debug|x64.Build.0 = Debug|Any CPU
		{2F6B9CD0-C712-4247-8095-1B75F9AE275C}.Debug|x86.ActiveCfg = Debug|Any CPU
		{2F6B9CD0-C712-4247-8095-1B75F9AE275C}.Debug|x86.Build.0 = Debug|Any CPU
		{2F6B9CD0-C712-4247-8095-1B75F9AE275C}.Release|Any CPU.ActiveCfg = Release|Any CPU
		{2F6B9CD0-C712-4247-8095-1B75F9AE275C}.Release|Any CPU.Build.0 = Release|Any CPU
		{2F6B9CD0-C712-4247-8095-1B75F9AE275C}.Release|x64.ActiveCfg = Release|Any CPU
		{2F6B9CD0-C712-4247-8095-1B75F9AE275C}.Release|x64.Build.0 = Release|Any CPU
		{2F6B9CD0-C712-4247-8095-1B75F9AE275C}.Release|x86.ActiveCfg = Release|Any CPU
		{2F6B9CD0-C712-4247-8095-1B75F9AE275C}.Release|x86.Build.0 = Release|Any CPU
		{48517621-AD84-418F-A4B6-4FC749CBA7E5}.Debug|Any CPU.ActiveCfg = Debug|Any CPU
		{48517621-AD84-418F-A4B6-4FC749CBA7E5}.Debug|Any CPU.Build.0 = Debug|Any CPU
		{48517621-AD84-418F-A4B6-4FC749CBA7E5}.Debug|x64.ActiveCfg = Debug|Any CPU
		{48517621-AD84-418F-A4B6-4FC749CBA7E5}.Debug|x64.Build.0 = Debug|Any CPU
		{48517621-AD84-418F-A4B6-4FC749CBA7E5}.Debug|x86.ActiveCfg = Debug|Any CPU
		{48517621-AD84-418F-A4B6-4FC749CBA7E5}.Debug|x86.Build.0 = Debug|Any CPU
		{48517621-AD84-418F-A4B6-4FC749CBA7E5}.Release|Any CPU.ActiveCfg = Release|Any CPU
		{48517621-AD84-418F-A4B6-4FC749CBA7E5}.Release|Any CPU.Build.0 = Release|Any CPU
		{48517621-AD84-418F-A4B6-4FC749CBA7E5}.Release|x64.ActiveCfg = Release|Any CPU
		{48517621-AD84-418F-A4B6-4FC749CBA7E5}.Release|x64.Build.0 = Release|Any CPU
		{48517621-AD84-418F-A4B6-4FC749CBA7E5}.Release|x86.ActiveCfg = Release|Any CPU
		{48517621-AD84-418F-A4B6-4FC749CBA7E5}.Release|x86.Build.0 = Release|Any CPU
	EndGlobalSection
	GlobalSection(SolutionProperties) = preSolution
		HideSolutionNode = FALSE
	EndGlobalSection
	GlobalSection(ExtensibilityGlobals) = postSolution
		SolutionGuid = {9B67BA36-04AA-4089-922B-5AC3F856E158}
	EndGlobalSection
EndGlobal
